Microsoft Visual Studio Solution File, Format Version 12.00
# Visual Studio Version 17
VisualStudioVersion = 17.5.2.0
MinimumVisualStudioVersion = 10.0.40219.1
Project("{FAE04EC0-301F-11D3-BF4B-00C04F79EFBC}") = "DummyDotnetApp", "DummyDotnetApp.csproj", "{C725E8F6-EBD9-824D-E222-05811C7D085C}"
EndProject
Global
	GlobalSection(SolutionConfigurationPlatforms) = preSolution
		Debug|Any CPU = Debug|Any CPU
		Release|Any CPU = Release|Any CPU
	EndGlobalSection
	GlobalSection(ProjectConfigurationPlatforms) = postSolution
		{C725E8F6-EBD9-824D-E222-05811C7D085C}.Debug|Any CPU.ActiveCfg = Debug|Any CPU
		{C725E8F6-EBD9-824D-E222-05811C7D085C}.Debug|Any CPU.Build.0 = Debug|Any CPU
		{C725E8F6-EBD9-824D-E222-05811C7D085C}.Release|Any CPU.ActiveCfg = Release|Any CPU
		{C725E8F6-EBD9-824D-E222-05811C7D085C}.Release|Any CPU.Build.0 = Release|Any CPU
	EndGlobalSection
	GlobalSection(SolutionProperties) = preSolution
		HideSolutionNode = FALSE
	EndGlobalSection
	GlobalSection(ExtensibilityGlobals) = postSolution
		SolutionGuid = {A6BDC645-147D-44B7-A9F9-54F137199AA1}
	EndGlobalSection
EndGlobal
