
Microsoft Visual Studio Solution File, Format Version 12.00
# Visual Studio Version 17
VisualStudioVersion = 17.13.35931.197 d17.13
MinimumVisualStudioVersion = 10.0.40219.1
Project("{FAE04EC0-301F-11D3-BF4B-00C04F79EFBC}") = "ConsoleApp1", "ConsoleApp1\ConsoleApp1.csproj", "{F5D8C7AC-656A-4308-B7C1-95F1B445540B}"
EndProject
Global
	GlobalSection(SolutionConfigurationPlatforms) = preSolution
		Debug|Any CPU = Debug|Any CPU
		Release|Any CPU = Release|Any CPU
	EndGlobalSection
	GlobalSection(ProjectConfigurationPlatforms) = postSolution
		{F5D8C7AC-656A-4308-B7C1-95F1B445540B}.Debug|Any CPU.ActiveCfg = Debug|Any CPU
		{F5D8C7AC-656A-4308-B7C1-95F1B445540B}.Debug|Any CPU.Build.0 = Debug|Any CPU
		{F5D8C7AC-656A-4308-B7C1-95F1B445540B}.Release|Any CPU.ActiveCfg = Release|Any CPU
		{F5D8C7AC-656A-4308-B7C1-95F1B445540B}.Release|Any CPU.Build.0 = Release|Any CPU
	EndGlobalSection
	GlobalSection(SolutionProperties) = preSolution
		HideSolutionNode = FALSE
	EndGlobalSection
	GlobalSection(ExtensibilityGlobals) = postSolution
		SolutionGuid = {50184310-007A-4E13-9E76-F8486EEAC709}
	EndGlobalSection
EndGlobal
